
Microsoft Visual Studio Solution File, Format Version 12.00
# Visual Studio Version 17
VisualStudioVersion = 17.7.34018.315
MinimumVisualStudioVersion = 10.0.40219.1
Project("{FAE04EC0-301F-11D3-BF4B-00C04F79EFBC}") = "Localization App", "Localization App\Localization App.csproj", "{93B50DB0-BA88-48C1-9642-449C213FBB93}"
EndProject
Global
	GlobalSection(SolutionConfigurationPlatforms) = preSolution
		Debug|Any CPU = Debug|Any CPU
		Release|Any CPU = Release|Any CPU
	EndGlobalSection
	GlobalSection(ProjectConfigurationPlatforms) = postSolution
		{93B50DB0-BA88-48C1-9642-449C213FBB93}.Debug|Any CPU.ActiveCfg = Debug|Any CPU
		{93B50DB0-BA88-48C1-9642-449C213FBB93}.Debug|Any CPU.Build.0 = Debug|Any CPU
		{93B50DB0-BA88-48C1-9642-449C213FBB93}.Release|Any CPU.ActiveCfg = Release|Any CPU
		{93B50DB0-BA88-48C1-9642-449C213FBB93}.Release|Any CPU.Build.0 = Release|Any CPU
	EndGlobalSection
	GlobalSection(SolutionProperties) = preSolution
		HideSolutionNode = FALSE
	EndGlobalSection
	GlobalSection(ExtensibilityGlobals) = postSolution
		SolutionGuid = {820EF5D8-D9F6-4023-BFDF-EAAC94576668}
	EndGlobalSection
EndGlobal
